// !$*UTF8*$!
{
	archiveVersion = 1;
	classes = {
	};
	objectVersion = 48;
	objects = {

/* Begin PBXBuildFile section */
		2165D9A220737D6D00FD1720 /* awsconfiguration.json in Resources */ = {isa = PBXBuildFile; fileRef = 2165D9A120737D6D00FD1720 /* awsconfiguration.json */; };
		2178182720737A6E00F1BDE9 /* AppDelegate.swift in Sources */ = {isa = PBXBuildFile; fileRef = 2178182620737A6E00F1BDE9 /* AppDelegate.swift */; };
		2178182920737A6E00F1BDE9 /* ViewController.swift in Sources */ = {isa = PBXBuildFile; fileRef = 2178182820737A6E00F1BDE9 /* ViewController.swift */; };
		2178182C20737A6E00F1BDE9 /* Main.storyboard in Resources */ = {isa = PBXBuildFile; fileRef = 2178182A20737A6E00F1BDE9 /* Main.storyboard */; };
		2178182E20737A6E00F1BDE9 /* Assets.xcassets in Resources */ = {isa = PBXBuildFile; fileRef = 2178182D20737A6E00F1BDE9 /* Assets.xcassets */; };
		2178183120737A6E00F1BDE9 /* LaunchScreen.storyboard in Resources */ = {isa = PBXBuildFile; fileRef = 2178182F20737A6E00F1BDE9 /* LaunchScreen.storyboard */; };
		4DC1B6D544C0DEC70BAB508F /* Pods_com_pinpoint_example.framework in Frameworks */ = {isa = PBXBuildFile; fileRef = FB700ECD05BFEF56D37BA856 /* Pods_com_pinpoint_example.framework */; };
/* End PBXBuildFile section */

/* Begin PBXFileReference section */
		2165D9A120737D6D00FD1720 /* awsconfiguration.json */ = {isa = PBXFileReference; fileEncoding = 4; lastKnownFileType = text.json; path = awsconfiguration.json; sourceTree = "<group>"; };
		2178182320737A6E00F1BDE9 /* com.pinpoint.example.app */ = {isa = PBXFileReference; explicitFileType = wrapper.application; includeInIndex = 0; path = com.pinpoint.example.app; sourceTree = BUILT_PRODUCTS_DIR; };
		2178182620737A6E00F1BDE9 /* AppDelegate.swift */ = {isa = PBXFileReference; lastKnownFileType = sourcecode.swift; path = AppDelegate.swift; sourceTree = "<group>"; };
		2178182820737A6E00F1BDE9 /* ViewController.swift */ = {isa = PBXFileReference; lastKnownFileType = sourcecode.swift; path = ViewController.swift; sourceTree = "<group>"; };
		2178182B20737A6E00F1BDE9 /* Base */ = {isa = PBXFileReference; lastKnownFileType = file.storyboard; name = Base; path = Base.lproj/Main.storyboard; sourceTree = "<group>"; };
		2178182D20737A6E00F1BDE9 /* Assets.xcassets */ = {isa = PBXFileReference; lastKnownFileType = folder.assetcatalog; path = Assets.xcassets; sourceTree = "<group>"; };
		2178183020737A6E00F1BDE9 /* Base */ = {isa = PBXFileReference; lastKnownFileType = file.storyboard; name = Base; path = Base.lproj/LaunchScreen.storyboard; sourceTree = "<group>"; };
		2178183220737A6E00F1BDE9 /* Info.plist */ = {isa = PBXFileReference; lastKnownFileType = text.plist.xml; path = Info.plist; sourceTree = "<group>"; };
		D419A1195A0EF3C6D01B9BAC /* Pods-com.pinpoint.example.release.xcconfig */ = {isa = PBXFileReference; includeInIndex = 1; lastKnownFileType = text.xcconfig; name = "Pods-com.pinpoint.example.release.xcconfig"; path = "Pods/Target Support Files/Pods-com.pinpoint.example/Pods-com.pinpoint.example.release.xcconfig"; sourceTree = "<group>"; };
		DD4DD9E90B6AAE406AF9D39D /* Pods-com.pinpoint.example.debug.xcconfig */ = {isa = PBXFileReference; includeInIndex = 1; lastKnownFileType = text.xcconfig; name = "Pods-com.pinpoint.example.debug.xcconfig"; path = "Pods/Target Support Files/Pods-com.pinpoint.example/Pods-com.pinpoint.example.debug.xcconfig"; sourceTree = "<group>"; };
		FB700ECD05BFEF56D37BA856 /* Pods_com_pinpoint_example.framework */ = {isa = PBXFileReference; explicitFileType = wrapper.framework; includeInIndex = 0; path = Pods_com_pinpoint_example.framework; sourceTree = BUILT_PRODUCTS_DIR; };
/* End PBXFileReference section */

/* Begin PBXFrameworksBuildPhase section */
		2178182020737A6E00F1BDE9 /* Frameworks */ = {
			isa = PBXFrameworksBuildPhase;
			buildActionMask = 2147483647;
			files = (
				4DC1B6D544C0DEC70BAB508F /* Pods_com_pinpoint_example.framework in Frameworks */,
			);
			runOnlyForDeploymentPostprocessing = 0;
		};
/* End PBXFrameworksBuildPhase section */

/* Begin PBXGroup section */
		2178181A20737A6D00F1BDE9 = {
			isa = PBXGroup;
			children = (
				2178182520737A6E00F1BDE9 /* com.pinpoint.example */,
				2178182420737A6E00F1BDE9 /* Products */,
				EC8A7E12981DB9FE6B038B4E /* Pods */,
				26EC88C7CBD83F4E733E5093 /* Frameworks */,
			);
			sourceTree = "<group>";
		};
		2178182420737A6E00F1BDE9 /* Products */ = {
			isa = PBXGroup;
			children = (
				2178182320737A6E00F1BDE9 /* com.pinpoint.example.app */,
			);
			name = Products;
			sourceTree = "<group>";
		};
		2178182520737A6E00F1BDE9 /* com.pinpoint.example */ = {
			isa = PBXGroup;
			children = (
				2165D9A120737D6D00FD1720 /* awsconfiguration.json */,
				2178182620737A6E00F1BDE9 /* AppDelegate.swift */,
				2178182820737A6E00F1BDE9 /* ViewController.swift */,
				2178182A20737A6E00F1BDE9 /* Main.storyboard */,
				2178182D20737A6E00F1BDE9 /* Assets.xcassets */,
				2178182F20737A6E00F1BDE9 /* LaunchScreen.storyboard */,
				2178183220737A6E00F1BDE9 /* Info.plist */,
			);
			path = com.pinpoint.example;
			sourceTree = "<group>";
		};
		26EC88C7CBD83F4E733E5093 /* Frameworks */ = {
			isa = PBXGroup;
			children = (
				FB700ECD05BFEF56D37BA856 /* Pods_com_pinpoint_example.framework */,
			);
			name = Frameworks;
			sourceTree = "<group>";
		};
		EC8A7E12981DB9FE6B038B4E /* Pods */ = {
			isa = PBXGroup;
			children = (
				DD4DD9E90B6AAE406AF9D39D /* Pods-com.pinpoint.example.debug.xcconfig */,
				D419A1195A0EF3C6D01B9BAC /* Pods-com.pinpoint.example.release.xcconfig */,
			);
			name = Pods;
			sourceTree = "<group>";
		};
/* End PBXGroup section */

/* Begin PBXNativeTarget section */
		2178182220737A6E00F1BDE9 /* com.pinpoint.example */ = {
			isa = PBXNativeTarget;
			buildConfigurationList = 2178183520737A6E00F1BDE9 /* Build configuration list for PBXNativeTarget "com.pinpoint.example" */;
			buildPhases = (
				69253491EF645A150E528C7D /* [CP] Check Pods Manifest.lock */,
				2178181F20737A6E00F1BDE9 /* Sources */,
				2178182020737A6E00F1BDE9 /* Frameworks */,
				2178182120737A6E00F1BDE9 /* Resources */,
				3541782B8BFCF992C6CEDB39 /* [CP] Embed Pods Frameworks */,
				AF40B82E0C1CA14DA5CA4BF2 /* [CP] Copy Pods Resources */,
			);
			buildRules = (
			);
			dependencies = (
			);
			name = com.pinpoint.example;
			productName = com.pinpoint.example;
			productReference = 2178182320737A6E00F1BDE9 /* com.pinpoint.example.app */;
			productType = "com.apple.product-type.application";
		};
/* End PBXNativeTarget section */

/* Begin PBXProject section */
		2178181B20737A6E00F1BDE9 /* Project object */ = {
			isa = PBXProject;
			attributes = {
				LastSwiftUpdateCheck = 0920;
				LastUpgradeCheck = 0920;
				ORGANIZATIONNAME = Exodus;
				TargetAttributes = {
					2178182220737A6E00F1BDE9 = {
						CreatedOnToolsVersion = 9.2;
						ProvisioningStyle = Automatic;
					};
				};
			};
			buildConfigurationList = 2178181E20737A6E00F1BDE9 /* Build configuration list for PBXProject "com.pinpoint.example" */;
			compatibilityVersion = "Xcode 8.0";
			developmentRegion = en;
			hasScannedForEncodings = 0;
			knownRegions = (
				en,
				Base,
			);
			mainGroup = 2178181A20737A6D00F1BDE9;
			productRefGroup = 2178182420737A6E00F1BDE9 /* Products */;
			projectDirPath = "";
			projectRoot = "";
			targets = (
				2178182220737A6E00F1BDE9 /* com.pinpoint.example */,
			);
		};
/* End PBXProject section */

/* Begin PBXResourcesBuildPhase section */
		2178182120737A6E00F1BDE9 /* Resources */ = {
			isa = PBXResourcesBuildPhase;
			buildActionMask = 2147483647;
			files = (
				2165D9A220737D6D00FD1720 /* awsconfiguration.json in Resources */,
				2178183120737A6E00F1BDE9 /* LaunchScreen.storyboard in Resources */,
				2178182E20737A6E00F1BDE9 /* Assets.xcassets in Resources */,
				2178182C20737A6E00F1BDE9 /* Main.storyboard in Resources */,
			);
			runOnlyForDeploymentPostprocessing = 0;
		};
/* End PBXResourcesBuildPhase section */

/* Begin PBXShellScriptBuildPhase section */
		3541782B8BFCF992C6CEDB39 /* [CP] Embed Pods Frameworks */ = {
			isa = PBXShellScriptBuildPhase;
			buildActionMask = 2147483647;
			files = (
			);
			inputPaths = (
				"${SRCROOT}/Pods/Target Support Files/Pods-com.pinpoint.example/Pods-com.pinpoint.example-frameworks.sh",
				"${BUILT_PRODUCTS_DIR}/AWSCore/AWSCore.framework",
				"${BUILT_PRODUCTS_DIR}/AWSPinpoint/AWSPinpoint.framework",
			);
			name = "[CP] Embed Pods Frameworks";
			outputPaths = (
				"${TARGET_BUILD_DIR}/${FRAMEWORKS_FOLDER_PATH}/AWSCore.framework",
				"${TARGET_BUILD_DIR}/${FRAMEWORKS_FOLDER_PATH}/AWSPinpoint.framework",
			);
			runOnlyForDeploymentPostprocessing = 0;
			shellPath = /bin/sh;
			shellScript = "\"${SRCROOT}/Pods/Target Support Files/Pods-com.pinpoint.example/Pods-com.pinpoint.example-frameworks.sh\"\n";
			showEnvVarsInLog = 0;
		};
		69253491EF645A150E528C7D /* [CP] Check Pods Manifest.lock */ = {
			isa = PBXShellScriptBuildPhase;
			buildActionMask = 2147483647;
			files = (
			);
			inputPaths = (
				"${PODS_PODFILE_DIR_PATH}/Podfile.lock",
				"${PODS_ROOT}/Manifest.lock",
			);
			name = "[CP] Check Pods Manifest.lock";
			outputPaths = (
				"$(DERIVED_FILE_DIR)/Pods-com.pinpoint.example-checkManifestLockResult.txt",
			);
			runOnlyForDeploymentPostprocessing = 0;
			shellPath = /bin/sh;
			shellScript = "diff \"${PODS_PODFILE_DIR_PATH}/Podfile.lock\" \"${PODS_ROOT}/Manifest.lock\" > /dev/null\nif [ $? != 0 ] ; then\n    # print error to STDERR\n    echo \"error: The sandbox is not in sync with the Podfile.lock. Run 'pod install' or update your CocoaPods installation.\" >&2\n    exit 1\nfi\n# This output is used by Xcode 'outputs' to avoid re-running this script phase.\necho \"SUCCESS\" > \"${SCRIPT_OUTPUT_FILE_0}\"\n";
			showEnvVarsInLog = 0;
		};
		AF40B82E0C1CA14DA5CA4BF2 /* [CP] Copy Pods Resources */ = {
			isa = PBXShellScriptBuildPhase;
			buildActionMask = 2147483647;
			files = (
			);
			inputPaths = (
			);
			name = "[CP] Copy Pods Resources";
			outputPaths = (
			);
			runOnlyForDeploymentPostprocessing = 0;
			shellPath = /bin/sh;
			shellScript = "\"${SRCROOT}/Pods/Target Support Files/Pods-com.pinpoint.example/Pods-com.pinpoint.example-resources.sh\"\n";
			showEnvVarsInLog = 0;
		};
/* End PBXShellScriptBuildPhase section */

/* Begin PBXSourcesBuildPhase section */
		2178181F20737A6E00F1BDE9 /* Sources */ = {
			isa = PBXSourcesBuildPhase;
			buildActionMask = 2147483647;
			files = (
				2178182920737A6E00F1BDE9 /* ViewController.swift in Sources */,
				2178182720737A6E00F1BDE9 /* AppDelegate.swift in Sources */,
			);
			runOnlyForDeploymentPostprocessing = 0;
		};
/* End PBXSourcesBuildPhase section */

/* Begin PBXVariantGroup section */
		2178182A20737A6E00F1BDE9 /* Main.storyboard */ = {
			isa = PBXVariantGroup;
			children = (
				2178182B20737A6E00F1BDE9 /* Base */,
			);
			name = Main.storyboard;
			sourceTree = "<group>";
		};
		2178182F20737A6E00F1BDE9 /* LaunchScreen.storyboard */ = {
			isa = PBXVariantGroup;
			children = (
				2178183020737A6E00F1BDE9 /* Base */,
			);
			name = LaunchScreen.storyboard;
			sourceTree = "<group>";
		};
/* End PBXVariantGroup section */

/* Begin XCBuildConfiguration section */
		2178183320737A6E00F1BDE9 /* Debug */ = {
			isa = XCBuildConfiguration;
			buildSettings = {
				ALWAYS_SEARCH_USER_PATHS = NO;
				CLANG_ANALYZER_NONNULL = YES;
				CLANG_ANALYZER_NUMBER_OBJECT_CONVERSION = YES_AGGRESSIVE;
				CLANG_CXX_LANGUAGE_STANDARD = "gnu++14";
				CLANG_CXX_LIBRARY = "libc++";
				CLANG_ENABLE_MODULES = YES;
				CLANG_ENABLE_OBJC_ARC = YES;
				CLANG_WARN_BLOCK_CAPTURE_AUTORELEASING = YES;
				CLANG_WARN_BOOL_CONVERSION = YES;
				CLANG_WARN_COMMA = YES;
				CLANG_WARN_CONSTANT_CONVERSION = YES;
				CLANG_WARN_DIRECT_OBJC_ISA_USAGE = YES_ERROR;
				CLANG_WARN_DOCUMENTATION_COMMENTS = YES;
				CLANG_WARN_EMPTY_BODY = YES;
				CLANG_WARN_ENUM_CONVERSION = YES;
				CLANG_WARN_INFINITE_RECURSION = YES;
				CLANG_WARN_INT_CONVERSION = YES;
				CLANG_WARN_NON_LITERAL_NULL_CONVERSION = YES;
				CLANG_WARN_OBJC_LITERAL_CONVERSION = YES;
				CLANG_WARN_OBJC_ROOT_CLASS = YES_ERROR;
				CLANG_WARN_RANGE_LOOP_ANALYSIS = YES;
				CLANG_WARN_STRICT_PROTOTYPES = YES;
				CLANG_WARN_SUSPICIOUS_MOVE = YES;
				CLANG_WARN_UNGUARDED_AVAILABILITY = YES_AGGRESSIVE;
				CLANG_WARN_UNREACHABLE_CODE = YES;
				CLANG_WARN__DUPLICATE_METHOD_MATCH = YES;
				CODE_SIGN_IDENTITY = "iPhone Developer";
				COPY_PHASE_STRIP = NO;
				DEBUG_INFORMATION_FORMAT = dwarf;
				ENABLE_STRICT_OBJC_MSGSEND = YES;
				ENABLE_TESTABILITY = YES;
				GCC_C_LANGUAGE_STANDARD = gnu11;
				GCC_DYNAMIC_NO_PIC = NO;
				GCC_NO_COMMON_BLOCKS = YES;
				GCC_OPTIMIZATION_LEVEL = 0;
				GCC_PREPROCESSOR_DEFINITIONS = (
					"DEBUG=1",
					"$(inherited)",
				);
				GCC_WARN_64_TO_32_BIT_CONVERSION = YES;
				GCC_WARN_ABOUT_RETURN_TYPE = YES_ERROR;
				GCC_WARN_UNDECLARED_SELECTOR = YES;
				GCC_WARN_UNINITIALIZED_AUTOS = YES_AGGRESSIVE;
				GCC_WARN_UNUSED_FUNCTION = YES;
				GCC_WARN_UNUSED_VARIABLE = YES;
				IPHONEOS_DEPLOYMENT_TARGET = 11.2;
				MTL_ENABLE_DEBUG_INFO = YES;
				ONLY_ACTIVE_ARCH = YES;
				SDKROOT = iphoneos;
				SWIFT_ACTIVE_COMPILATION_CONDITIONS = DEBUG;
				SWIFT_OPTIMIZATION_LEVEL = "-Onone";
			};
			name = Debug;
		};
		2178183420737A6E00F1BDE9 /* Release */ = {
			isa = XCBuildConfiguration;
			buildSettings = {
				ALWAYS_SEARCH_USER_PATHS = NO;
				CLANG_ANALYZER_NONNULL = YES;
				CLANG_ANALYZER_NUMBER_OBJECT_CONVERSION = YES_AGGRESSIVE;
				CLANG_CXX_LANGUAGE_STANDARD = "gnu++14";
				CLANG_CXX_LIBRARY = "libc++";
				CLANG_ENABLE_MODULES = YES;
				CLANG_ENABLE_OBJC_ARC = YES;
				CLANG_WARN_BLOCK_CAPTURE_AUTORELEASING = YES;
				CLANG_WARN_BOOL_CONVERSION = YES;
				CLANG_WARN_COMMA = YES;
				CLANG_WARN_CONSTANT_CONVERSION = YES;
				CLANG_WARN_DIRECT_OBJC_ISA_USAGE = YES_ERROR;
				CLANG_WARN_DOCUMENTATION_COMMENTS = YES;
				CLANG_WARN_EMPTY_BODY = YES;
				CLANG_WARN_ENUM_CONVERSION = YES;
				CLANG_WARN_INFINITE_RECURSION = YES;
				CLANG_WARN_INT_CONVERSION = YES;
				CLANG_WARN_NON_LITERAL_NULL_CONVERSION = YES;
				CLANG_WARN_OBJC_LITERAL_CONVERSION = YES;
				CLANG_WARN_OBJC_ROOT_CLASS = YES_ERROR;
				CLANG_WARN_RANGE_LOOP_ANALYSIS = YES;
				CLANG_WARN_STRICT_PROTOTYPES = YES;
				CLANG_WARN_SUSPICIOUS_MOVE = YES;
				CLANG_WARN_UNGUARDED_AVAILABILITY = YES_AGGRESSIVE;
				CLANG_WARN_UNREACHABLE_CODE = YES;
				CLANG_WARN__DUPLICATE_METHOD_MATCH = YES;
				CODE_SIGN_IDENTITY = "iPhone Developer";
				COPY_PHASE_STRIP = NO;
				DEBUG_INFORMATION_FORMAT = "dwarf-with-dsym";
				ENABLE_NS_ASSERTIONS = NO;
				ENABLE_STRICT_OBJC_MSGSEND = YES;
				GCC_C_LANGUAGE_STANDARD = gnu11;
				GCC_NO_COMMON_BLOCKS = YES;
				GCC_WARN_64_TO_32_BIT_CONVERSION = YES;
				GCC_WARN_ABOUT_RETURN_TYPE = YES_ERROR;
				GCC_WARN_UNDECLARED_SELECTOR = YES;
				GCC_WARN_UNINITIALIZED_AUTOS = YES_AGGRESSIVE;
				GCC_WARN_UNUSED_FUNCTION = YES;
				GCC_WARN_UNUSED_VARIABLE = YES;
				IPHONEOS_DEPLOYMENT_TARGET = 11.2;
				MTL_ENABLE_DEBUG_INFO = NO;
				SDKROOT = iphoneos;
				SWIFT_OPTIMIZATION_LEVEL = "-Owholemodule";
				VALIDATE_PRODUCT = YES;
			};
			name = Release;
		};
		2178183620737A6E00F1BDE9 /* Debug */ = {
			isa = XCBuildConfiguration;
			baseConfigurationReference = DD4DD9E90B6AAE406AF9D39D /* Pods-com.pinpoint.example.debug.xcconfig */;
			buildSettings = {
				ASSETCATALOG_COMPILER_APPICON_NAME = AppIcon;
				CODE_SIGN_STYLE = Automatic;
				DEVELOPMENT_TEAM = EC3AZW8X4Z;
				INFOPLIST_FILE = com.pinpoint.example/Info.plist;
				LD_RUNPATH_SEARCH_PATHS = "$(inherited) @executable_path/Frameworks";
				PRODUCT_BUNDLE_IDENTIFIER = "com.chanexodus.com-pinpoint-example";
				PRODUCT_NAME = "$(TARGET_NAME)";
				SWIFT_VERSION = 4.0;
				TARGETED_DEVICE_FAMILY = "1,2";
			};
			name = Debug;
		};
		2178183720737A6E00F1BDE9 /* Release */ = {
			isa = XCBuildConfiguration;
			baseConfigurationReference = D419A1195A0EF3C6D01B9BAC /* Pods-com.pinpoint.example.release.xcconfig */;
			buildSettings = {
				ASSETCATALOG_COMPILER_APPICON_NAME = AppIcon;
				CODE_SIGN_STYLE = Automatic;
				DEVELOPMENT_TEAM = EC3AZW8X4Z;
				INFOPLIST_FILE = com.pinpoint.example/Info.plist;
				LD_RUNPATH_SEARCH_PATHS = "$(inherited) @executable_path/Frameworks";
				PRODUCT_BUNDLE_IDENTIFIER = "com.chanexodus.com-pinpoint-example";
				PRODUCT_NAME = "$(TARGET_NAME)";
				SWIFT_VERSION = 4.0;
				TARGETED_DEVICE_FAMILY = "1,2";
			};
			name = Release;
		};
/* End XCBuildConfiguration section */

/* Begin XCConfigurationList section */
		2178181E20737A6E00F1BDE9 /* Build configuration list for PBXProject "com.pinpoint.example" */ = {
			isa = XCConfigurationList;
			buildConfigurations = (
				2178183320737A6E00F1BDE9 /* Debug */,
				2178183420737A6E00F1BDE9 /* Release */,
			);
			defaultConfigurationIsVisible = 0;
			defaultConfigurationName = Release;
		};
		2178183520737A6E00F1BDE9 /* Build configuration list for PBXNativeTarget "com.pinpoint.example" */ = {
			isa = XCConfigurationList;
			buildConfigurations = (
				2178183620737A6E00F1BDE9 /* Debug */,
				2178183720737A6E00F1BDE9 /* Release */,
			);
			defaultConfigurationIsVisible = 0;
			defaultConfigurationName = Release;
		};
/* End XCConfigurationList section */
	};
	rootObject = 2178181B20737A6E00F1BDE9 /* Project object */;
}
