PODS:
  - AWSCore (2.6.13)
  - AWSPinpoint (2.6.13):
    - AWSCore (= 2.6.13)

DEPENDENCIES:
  - AWSPinpoint

SPEC CHECKSUMS:
  AWSCore: 5da797bc476188fdaf00dec134fa18d84708eca9
  AWSPinpoint: 47b0351d0adb0e12681da4ac9fe19f2690d6c713

PODFILE CHECKSUM: f6948b72974222c2590c5dabb662528b62179e1c

COCOAPODS: 1.4.0
